
Microsoft Visual Studio Solution File, Format Version 12.00
# Visual Studio Version 16
VisualStudioVersion = 16.0.31624.102
MinimumVisualStudioVersion = 10.0.40219.1
Project("{FAE04EC0-301F-11D3-BF4B-00C04F79EFBC}") = "PeopleManagementSystem", "PeopleManagementSystem\PeopleManagementSystem.csproj", "{4CED4530-9EC4-4CCD-85A4-27B4C6F9C055}"
EndProject
Project("{FAE04EC0-301F-11D3-BF4B-00C04F79EFBC}") = "PeopleManagementSystemTest", "PeopleManagementSystemTest\PeopleManagementSystemTest.csproj", "{FD31B898-FA44-4FD7-9548-C0F81937BB87}"
EndProject
Global
	GlobalSection(SolutionConfigurationPlatforms) = preSolution
		Debug|Any CPU = Debug|Any CPU
		Release|Any CPU = Release|Any CPU
	EndGlobalSection
	GlobalSection(ProjectConfigurationPlatforms) = postSolution
		{4CED4530-9EC4-4CCD-85A4-27B4C6F9C055}.Debug|Any CPU.ActiveCfg = Debug|Any CPU
		{4CED4530-9EC4-4CCD-85A4-27B4C6F9C055}.Debug|Any CPU.Build.0 = Debug|Any CPU
		{4CED4530-9EC4-4CCD-85A4-27B4C6F9C055}.Release|Any CPU.ActiveCfg = Release|Any CPU
		{4CED4530-9EC4-4CCD-85A4-27B4C6F9C055}.Release|Any CPU.Build.0 = Release|Any CPU
		{FD31B898-FA44-4FD7-9548-C0F81937BB87}.Debug|Any CPU.ActiveCfg = Debug|Any CPU
		{FD31B898-FA44-4FD7-9548-C0F81937BB87}.Debug|Any CPU.Build.0 = Debug|Any CPU
		{FD31B898-FA44-4FD7-9548-C0F81937BB87}.Release|Any CPU.ActiveCfg = Release|Any CPU
		{FD31B898-FA44-4FD7-9548-C0F81937BB87}.Release|Any CPU.Build.0 = Release|Any CPU
	EndGlobalSection
	GlobalSection(SolutionProperties) = preSolution
		HideSolutionNode = FALSE
	EndGlobalSection
	GlobalSection(ExtensibilityGlobals) = postSolution
		SolutionGuid = {1A1CA847-0704-4FB2-BB3F-DE313589FA00}
	EndGlobalSection
EndGlobal
